// !$*UTF8*$!
{
	archiveVersion = 1;
	classes = {
	};
	objectVersion = 55;
	objects = {

/* Begin PBXBuildFile section */
		AB3B5FC92860A0E70025875D /* Game Over.m4a in Resources */ = {isa = PBXBuildFile; fileRef = AB3B5FC82860A0E70025875D /* Game Over.m4a */; };
		AB3B5FCB2860A1C80025875D /* Smoke.sks in Resources */ = {isa = PBXBuildFile; fileRef = AB3B5FCA2860A1C80025875D /* Smoke.sks */; };
		AB3EA85C285E14E60024A659 /* whack.caf in Resources */ = {isa = PBXBuildFile; fileRef = AB3EA85A285E14E60024A659 /* whack.caf */; };
		AB3EA85D285E14E60024A659 /* whackBad.caf in Resources */ = {isa = PBXBuildFile; fileRef = AB3EA85B285E14E60024A659 /* whackBad.caf */; };
		AB8C4AF5285B601D0089CA9F /* AppDelegate.swift in Sources */ = {isa = PBXBuildFile; fileRef = AB8C4AF4285B601D0089CA9F /* AppDelegate.swift */; };
		AB8C4AF7285B601D0089CA9F /* GameScene.sks in Resources */ = {isa = PBXBuildFile; fileRef = AB8C4AF6285B601D0089CA9F /* GameScene.sks */; };
		AB8C4AFB285B601D0089CA9F /* GameScene.swift in Sources */ = {isa = PBXBuildFile; fileRef = AB8C4AFA285B601D0089CA9F /* GameScene.swift */; };
		AB8C4AFD285B601D0089CA9F /* GameViewController.swift in Sources */ = {isa = PBXBuildFile; fileRef = AB8C4AFC285B601D0089CA9F /* GameViewController.swift */; };
		AB8C4B00285B601D0089CA9F /* Main.storyboard in Resources */ = {isa = PBXBuildFile; fileRef = AB8C4AFE285B601D0089CA9F /* Main.storyboard */; };
		AB8C4B02285B601E0089CA9F /* Assets.xcassets in Resources */ = {isa = PBXBuildFile; fileRef = AB8C4B01285B601E0089CA9F /* Assets.xcassets */; };
		AB8C4B05285B601E0089CA9F /* LaunchScreen.storyboard in Resources */ = {isa = PBXBuildFile; fileRef = AB8C4B03285B601E0089CA9F /* LaunchScreen.storyboard */; };
		ABC2BB75285C70BE001F3E43 /* WhackSlot.swift in Sources */ = {isa = PBXBuildFile; fileRef = ABC2BB74285C70BE001F3E43 /* WhackSlot.swift */; };
/* End PBXBuildFile section */

/* Begin PBXFileReference section */
		AB3B5FC82860A0E70025875D /* Game Over.m4a */ = {isa = PBXFileReference; lastKnownFileType = file; path = "Game Over.m4a"; sourceTree = "<group>"; };
		AB3B5FCA2860A1C80025875D /* Smoke.sks */ = {isa = PBXFileReference; lastKnownFileType = file.sks; path = Smoke.sks; sourceTree = "<group>"; };
		AB3EA85A285E14E60024A659 /* whack.caf */ = {isa = PBXFileReference; lastKnownFileType = file; name = whack.caf; path = Contents/whack.caf; sourceTree = SOURCE_ROOT; };
		AB3EA85B285E14E60024A659 /* whackBad.caf */ = {isa = PBXFileReference; lastKnownFileType = file; name = whackBad.caf; path = Contents/whackBad.caf; sourceTree = SOURCE_ROOT; };
		AB8C4AF1285B601D0089CA9F /* Project14.app */ = {isa = PBXFileReference; explicitFileType = wrapper.application; includeInIndex = 0; path = Project14.app; sourceTree = BUILT_PRODUCTS_DIR; };
		AB8C4AF4285B601D0089CA9F /* AppDelegate.swift */ = {isa = PBXFileReference; lastKnownFileType = sourcecode.swift; path = AppDelegate.swift; sourceTree = "<group>"; };
		AB8C4AF6285B601D0089CA9F /* GameScene.sks */ = {isa = PBXFileReference; lastKnownFileType = file.sks; path = GameScene.sks; sourceTree = "<group>"; };
		AB8C4AFA285B601D0089CA9F /* GameScene.swift */ = {isa = PBXFileReference; lastKnownFileType = sourcecode.swift; path = GameScene.swift; sourceTree = "<group>"; };
		AB8C4AFC285B601D0089CA9F /* GameViewController.swift */ = {isa = PBXFileReference; lastKnownFileType = sourcecode.swift; path = GameViewController.swift; sourceTree = "<group>"; };
		AB8C4AFF285B601D0089CA9F /* Base */ = {isa = PBXFileReference; lastKnownFileType = file.storyboard; name = Base; path = Base.lproj/Main.storyboard; sourceTree = "<group>"; };
		AB8C4B01285B601E0089CA9F /* Assets.xcassets */ = {isa = PBXFileReference; lastKnownFileType = folder.assetcatalog; path = Assets.xcassets; sourceTree = "<group>"; };
		AB8C4B04285B601E0089CA9F /* Base */ = {isa = PBXFileReference; lastKnownFileType = file.storyboard; name = Base; path = Base.lproj/LaunchScreen.storyboard; sourceTree = "<group>"; };
		ABC2BB74285C70BE001F3E43 /* WhackSlot.swift */ = {isa = PBXFileReference; lastKnownFileType = sourcecode.swift; path = WhackSlot.swift; sourceTree = "<group>"; };
/* End PBXFileReference section */

/* Begin PBXFrameworksBuildPhase section */
		AB8C4AEE285B601D0089CA9F /* Frameworks */ = {
			isa = PBXFrameworksBuildPhase;
			buildActionMask = 2147483647;
			files = (
			);
			runOnlyForDeploymentPostprocessing = 0;
		};
/* End PBXFrameworksBuildPhase section */

/* Begin PBXGroup section */
		AB8C4AE8285B601D0089CA9F = {
			isa = PBXGroup;
			children = (
				AB8C4AF3285B601D0089CA9F /* Project14 */,
				AB8C4AF2285B601D0089CA9F /* Products */,
			);
			sourceTree = "<group>";
		};
		AB8C4AF2285B601D0089CA9F /* Products */ = {
			isa = PBXGroup;
			children = (
				AB8C4AF1285B601D0089CA9F /* Project14.app */,
			);
			name = Products;
			sourceTree = "<group>";
		};
		AB8C4AF3285B601D0089CA9F /* Project14 */ = {
			isa = PBXGroup;
			children = (
				ABC2BB74285C70BE001F3E43 /* WhackSlot.swift */,
				AB8C4AF4285B601D0089CA9F /* AppDelegate.swift */,
				AB8C4AF6285B601D0089CA9F /* GameScene.sks */,
				AB8C4AFA285B601D0089CA9F /* GameScene.swift */,
				AB8C4AFC285B601D0089CA9F /* GameViewController.swift */,
				AB8C4AFE285B601D0089CA9F /* Main.storyboard */,
				AB8C4B01285B601E0089CA9F /* Assets.xcassets */,
				AB3B5FCA2860A1C80025875D /* Smoke.sks */,
				AB3EA85A285E14E60024A659 /* whack.caf */,
				AB3EA85B285E14E60024A659 /* whackBad.caf */,
				AB3B5FC82860A0E70025875D /* Game Over.m4a */,
				AB8C4B03285B601E0089CA9F /* LaunchScreen.storyboard */,
			);
			path = Project14;
			sourceTree = "<group>";
		};
/* End PBXGroup section */

/* Begin PBXNativeTarget section */
		AB8C4AF0285B601D0089CA9F /* Project14 */ = {
			isa = PBXNativeTarget;
			buildConfigurationList = AB8C4B08285B601E0089CA9F /* Build configuration list for PBXNativeTarget "Project14" */;
			buildPhases = (
				AB8C4AED285B601D0089CA9F /* Sources */,
				AB8C4AEE285B601D0089CA9F /* Frameworks */,
				AB8C4AEF285B601D0089CA9F /* Resources */,
			);
			buildRules = (
			);
			dependencies = (
			);
			name = Project14;
			productName = Project14;
			productReference = AB8C4AF1285B601D0089CA9F /* Project14.app */;
			productType = "com.apple.product-type.application";
		};
/* End PBXNativeTarget section */

/* Begin PBXProject section */
		AB8C4AE9285B601D0089CA9F /* Project object */ = {
			isa = PBXProject;
			attributes = {
				BuildIndependentTargetsInParallel = 1;
				LastSwiftUpdateCheck = 1330;
				LastUpgradeCheck = 1330;
				TargetAttributes = {
					AB8C4AF0285B601D0089CA9F = {
						CreatedOnToolsVersion = 13.3.1;
					};
				};
			};
			buildConfigurationList = AB8C4AEC285B601D0089CA9F /* Build configuration list for PBXProject "Project14" */;
			compatibilityVersion = "Xcode 13.0";
			developmentRegion = en;
			hasScannedForEncodings = 0;
			knownRegions = (
				en,
				Base,
			);
			mainGroup = AB8C4AE8285B601D0089CA9F;
			productRefGroup = AB8C4AF2285B601D0089CA9F /* Products */;
			projectDirPath = "";
			projectRoot = "";
			targets = (
				AB8C4AF0285B601D0089CA9F /* Project14 */,
			);
		};
/* End PBXProject section */

/* Begin PBXResourcesBuildPhase section */
		AB8C4AEF285B601D0089CA9F /* Resources */ = {
			isa = PBXResourcesBuildPhase;
			buildActionMask = 2147483647;
			files = (
				AB8C4B00285B601D0089CA9F /* Main.storyboard in Resources */,
				AB3EA85C285E14E60024A659 /* whack.caf in Resources */,
				AB8C4AF7285B601D0089CA9F /* GameScene.sks in Resources */,
				AB3B5FC92860A0E70025875D /* Game Over.m4a in Resources */,
				AB8C4B02285B601E0089CA9F /* Assets.xcassets in Resources */,
				AB8C4B05285B601E0089CA9F /* LaunchScreen.storyboard in Resources */,
				AB3EA85D285E14E60024A659 /* whackBad.caf in Resources */,
				AB3B5FCB2860A1C80025875D /* Smoke.sks in Resources */,
			);
			runOnlyForDeploymentPostprocessing = 0;
		};
/* End PBXResourcesBuildPhase section */

/* Begin PBXSourcesBuildPhase section */
		AB8C4AED285B601D0089CA9F /* Sources */ = {
			isa = PBXSourcesBuildPhase;
			buildActionMask = 2147483647;
			files = (
				AB8C4AFB285B601D0089CA9F /* GameScene.swift in Sources */,
				AB8C4AFD285B601D0089CA9F /* GameViewController.swift in Sources */,
				ABC2BB75285C70BE001F3E43 /* WhackSlot.swift in Sources */,
				AB8C4AF5285B601D0089CA9F /* AppDelegate.swift in Sources */,
			);
			runOnlyForDeploymentPostprocessing = 0;
		};
/* End PBXSourcesBuildPhase section */

/* Begin PBXVariantGroup section */
		AB8C4AFE285B601D0089CA9F /* Main.storyboard */ = {
			isa = PBXVariantGroup;
			children = (
				AB8C4AFF285B601D0089CA9F /* Base */,
			);
			name = Main.storyboard;
			sourceTree = "<group>";
		};
		AB8C4B03285B601E0089CA9F /* LaunchScreen.storyboard */ = {
			isa = PBXVariantGroup;
			children = (
				AB8C4B04285B601E0089CA9F /* Base */,
			);
			name = LaunchScreen.storyboard;
			sourceTree = "<group>";
		};
/* End PBXVariantGroup section */

/* Begin XCBuildConfiguration section */
		AB8C4B06285B601E0089CA9F /* Debug */ = {
			isa = XCBuildConfiguration;
			buildSettings = {
				ALWAYS_SEARCH_USER_PATHS = NO;
				CLANG_ANALYZER_NONNULL = YES;
				CLANG_ANALYZER_NUMBER_OBJECT_CONVERSION = YES_AGGRESSIVE;
				CLANG_CXX_LANGUAGE_STANDARD = "gnu++17";
				CLANG_ENABLE_MODULES = YES;
				CLANG_ENABLE_OBJC_ARC = YES;
				CLANG_ENABLE_OBJC_WEAK = YES;
				CLANG_WARN_BLOCK_CAPTURE_AUTORELEASING = YES;
				CLANG_WARN_BOOL_CONVERSION = YES;
				CLANG_WARN_COMMA = YES;
				CLANG_WARN_CONSTANT_CONVERSION = YES;
				CLANG_WARN_DEPRECATED_OBJC_IMPLEMENTATIONS = YES;
				CLANG_WARN_DIRECT_OBJC_ISA_USAGE = YES_ERROR;
				CLANG_WARN_DOCUMENTATION_COMMENTS = YES;
				CLANG_WARN_EMPTY_BODY = YES;
				CLANG_WARN_ENUM_CONVERSION = YES;
				CLANG_WARN_INFINITE_RECURSION = YES;
				CLANG_WARN_INT_CONVERSION = YES;
				CLANG_WARN_NON_LITERAL_NULL_CONVERSION = YES;
				CLANG_WARN_OBJC_IMPLICIT_RETAIN_SELF = YES;
				CLANG_WARN_OBJC_LITERAL_CONVERSION = YES;
				CLANG_WARN_OBJC_ROOT_CLASS = YES_ERROR;
				CLANG_WARN_QUOTED_INCLUDE_IN_FRAMEWORK_HEADER = YES;
				CLANG_WARN_RANGE_LOOP_ANALYSIS = YES;
				CLANG_WARN_STRICT_PROTOTYPES = YES;
				CLANG_WARN_SUSPICIOUS_MOVE = YES;
				CLANG_WARN_UNGUARDED_AVAILABILITY = YES_AGGRESSIVE;
				CLANG_WARN_UNREACHABLE_CODE = YES;
				CLANG_WARN__DUPLICATE_METHOD_MATCH = YES;
				COPY_PHASE_STRIP = NO;
				DEBUG_INFORMATION_FORMAT = dwarf;
				ENABLE_STRICT_OBJC_MSGSEND = YES;
				ENABLE_TESTABILITY = YES;
				GCC_C_LANGUAGE_STANDARD = gnu11;
				GCC_DYNAMIC_NO_PIC = NO;
				GCC_NO_COMMON_BLOCKS = YES;
				GCC_OPTIMIZATION_LEVEL = 0;
				GCC_PREPROCESSOR_DEFINITIONS = (
					"DEBUG=1",
					"$(inherited)",
				);
				GCC_WARN_64_TO_32_BIT_CONVERSION = YES;
				GCC_WARN_ABOUT_RETURN_TYPE = YES_ERROR;
				GCC_WARN_UNDECLARED_SELECTOR = YES;
				GCC_WARN_UNINITIALIZED_AUTOS = YES_AGGRESSIVE;
				GCC_WARN_UNUSED_FUNCTION = YES;
				GCC_WARN_UNUSED_VARIABLE = YES;
				IPHONEOS_DEPLOYMENT_TARGET = 15.4;
				MTL_ENABLE_DEBUG_INFO = INCLUDE_SOURCE;
				MTL_FAST_MATH = YES;
				ONLY_ACTIVE_ARCH = YES;
				SDKROOT = iphoneos;
				SWIFT_ACTIVE_COMPILATION_CONDITIONS = DEBUG;
				SWIFT_OPTIMIZATION_LEVEL = "-Onone";
			};
			name = Debug;
		};
		AB8C4B07285B601E0089CA9F /* Release */ = {
			isa = XCBuildConfiguration;
			buildSettings = {
				ALWAYS_SEARCH_USER_PATHS = NO;
				CLANG_ANALYZER_NONNULL = YES;
				CLANG_ANALYZER_NUMBER_OBJECT_CONVERSION = YES_AGGRESSIVE;
				CLANG_CXX_LANGUAGE_STANDARD = "gnu++17";
				CLANG_ENABLE_MODULES = YES;
				CLANG_ENABLE_OBJC_ARC = YES;
				CLANG_ENABLE_OBJC_WEAK = YES;
				CLANG_WARN_BLOCK_CAPTURE_AUTORELEASING = YES;
				CLANG_WARN_BOOL_CONVERSION = YES;
				CLANG_WARN_COMMA = YES;
				CLANG_WARN_CONSTANT_CONVERSION = YES;
				CLANG_WARN_DEPRECATED_OBJC_IMPLEMENTATIONS = YES;
				CLANG_WARN_DIRECT_OBJC_ISA_USAGE = YES_ERROR;
				CLANG_WARN_DOCUMENTATION_COMMENTS = YES;
				CLANG_WARN_EMPTY_BODY = YES;
				CLANG_WARN_ENUM_CONVERSION = YES;
				CLANG_WARN_INFINITE_RECURSION = YES;
				CLANG_WARN_INT_CONVERSION = YES;
				CLANG_WARN_NON_LITERAL_NULL_CONVERSION = YES;
				CLANG_WARN_OBJC_IMPLICIT_RETAIN_SELF = YES;
				CLANG_WARN_OBJC_LITERAL_CONVERSION = YES;
				CLANG_WARN_OBJC_ROOT_CLASS = YES_ERROR;
				CLANG_WARN_QUOTED_INCLUDE_IN_FRAMEWORK_HEADER = YES;
				CLANG_WARN_RANGE_LOOP_ANALYSIS = YES;
				CLANG_WARN_STRICT_PROTOTYPES = YES;
				CLANG_WARN_SUSPICIOUS_MOVE = YES;
				CLANG_WARN_UNGUARDED_AVAILABILITY = YES_AGGRESSIVE;
				CLANG_WARN_UNREACHABLE_CODE = YES;
				CLANG_WARN__DUPLICATE_METHOD_MATCH = YES;
				COPY_PHASE_STRIP = NO;
				DEBUG_INFORMATION_FORMAT = "dwarf-with-dsym";
				ENABLE_NS_ASSERTIONS = NO;
				ENABLE_STRICT_OBJC_MSGSEND = YES;
				GCC_C_LANGUAGE_STANDARD = gnu11;
				GCC_NO_COMMON_BLOCKS = YES;
				GCC_WARN_64_TO_32_BIT_CONVERSION = YES;
				GCC_WARN_ABOUT_RETURN_TYPE = YES_ERROR;
				GCC_WARN_UNDECLARED_SELECTOR = YES;
				GCC_WARN_UNINITIALIZED_AUTOS = YES_AGGRESSIVE;
				GCC_WARN_UNUSED_FUNCTION = YES;
				GCC_WARN_UNUSED_VARIABLE = YES;
				IPHONEOS_DEPLOYMENT_TARGET = 15.4;
				MTL_ENABLE_DEBUG_INFO = NO;
				MTL_FAST_MATH = YES;
				SDKROOT = iphoneos;
				SWIFT_COMPILATION_MODE = wholemodule;
				SWIFT_OPTIMIZATION_LEVEL = "-O";
				VALIDATE_PRODUCT = YES;
			};
			name = Release;
		};
		AB8C4B09285B601E0089CA9F /* Debug */ = {
			isa = XCBuildConfiguration;
			buildSettings = {
				ASSETCATALOG_COMPILER_APPICON_NAME = AppIcon;
				ASSETCATALOG_COMPILER_GLOBAL_ACCENT_COLOR_NAME = AccentColor;
				CODE_SIGN_STYLE = Automatic;
				CURRENT_PROJECT_VERSION = 1;
				GENERATE_INFOPLIST_FILE = YES;
				INFOPLIST_KEY_UIApplicationSupportsIndirectInputEvents = YES;
				INFOPLIST_KEY_UILaunchStoryboardName = LaunchScreen;
				INFOPLIST_KEY_UIMainStoryboardFile = Main;
				INFOPLIST_KEY_UIStatusBarHidden = YES;
				INFOPLIST_KEY_UISupportedInterfaceOrientations_iPad = "UIInterfaceOrientationLandscapeLeft UIInterfaceOrientationLandscapeRight";
				INFOPLIST_KEY_UISupportedInterfaceOrientations_iPhone = "UIInterfaceOrientationPortrait UIInterfaceOrientationLandscapeLeft UIInterfaceOrientationLandscapeRight";
				LD_RUNPATH_SEARCH_PATHS = (
					"$(inherited)",
					"@executable_path/Frameworks",
				);
				MARKETING_VERSION = 1.0;
				PRODUCT_BUNDLE_IDENTIFIER = com.example.Project14;
				PRODUCT_NAME = "$(TARGET_NAME)";
				SWIFT_EMIT_LOC_STRINGS = YES;
				SWIFT_VERSION = 5.0;
				TARGETED_DEVICE_FAMILY = 2;
			};
			name = Debug;
		};
		AB8C4B0A285B601E0089CA9F /* Release */ = {
			isa = XCBuildConfiguration;
			buildSettings = {
				ASSETCATALOG_COMPILER_APPICON_NAME = AppIcon;
				ASSETCATALOG_COMPILER_GLOBAL_ACCENT_COLOR_NAME = AccentColor;
				CODE_SIGN_STYLE = Automatic;
				CURRENT_PROJECT_VERSION = 1;
				GENERATE_INFOPLIST_FILE = YES;
				INFOPLIST_KEY_UIApplicationSupportsIndirectInputEvents = YES;
				INFOPLIST_KEY_UILaunchStoryboardName = LaunchScreen;
				INFOPLIST_KEY_UIMainStoryboardFile = Main;
				INFOPLIST_KEY_UIStatusBarHidden = YES;
				INFOPLIST_KEY_UISupportedInterfaceOrientations_iPad = "UIInterfaceOrientationLandscapeLeft UIInterfaceOrientationLandscapeRight";
				INFOPLIST_KEY_UISupportedInterfaceOrientations_iPhone = "UIInterfaceOrientationPortrait UIInterfaceOrientationLandscapeLeft UIInterfaceOrientationLandscapeRight";
				LD_RUNPATH_SEARCH_PATHS = (
					"$(inherited)",
					"@executable_path/Frameworks",
				);
				MARKETING_VERSION = 1.0;
				PRODUCT_BUNDLE_IDENTIFIER = com.example.Project14;
				PRODUCT_NAME = "$(TARGET_NAME)";
				SWIFT_EMIT_LOC_STRINGS = YES;
				SWIFT_VERSION = 5.0;
				TARGETED_DEVICE_FAMILY = 2;
			};
			name = Release;
		};
/* End XCBuildConfiguration section */

/* Begin XCConfigurationList section */
		AB8C4AEC285B601D0089CA9F /* Build configuration list for PBXProject "Project14" */ = {
			isa = XCConfigurationList;
			buildConfigurations = (
				AB8C4B06285B601E0089CA9F /* Debug */,
				AB8C4B07285B601E0089CA9F /* Release */,
			);
			defaultConfigurationIsVisible = 0;
			defaultConfigurationName = Release;
		};
		AB8C4B08285B601E0089CA9F /* Build configuration list for PBXNativeTarget "Project14" */ = {
			isa = XCConfigurationList;
			buildConfigurations = (
				AB8C4B09285B601E0089CA9F /* Debug */,
				AB8C4B0A285B601E0089CA9F /* Release */,
			);
			defaultConfigurationIsVisible = 0;
			defaultConfigurationName = Release;
		};
/* End XCConfigurationList section */
	};
	rootObject = AB8C4AE9285B601D0089CA9F /* Project object */;
}
